version = 1
requires-python = ">=3.10"

[[package]]
name = "melid"
version = "1.0.0"
source = { virtual = "." }
dependencies = [
    { name = "pyqt5" },
]

[package.metadata]
requires-dist = [{ name = "pyqt5", specifier = ">=5.15.11" }]

[[package]]
name = "pyqt5"
version = "5.15.11"
source = { registry = "https://pypi.org/simple" }
dependencies = [
    { name = "pyqt5-qt5" },
    { name = "pyqt5-sip" },
]
sdist = { url = "https://files.pythonhosted.org/packages/0e/07/c9ed0bd428df6f87183fca565a79fee19fa7c88c7f00a7f011ab4379e77a/PyQt5-5.15.11.tar.gz", hash = "sha256:fda45743ebb4a27b4b1a51c6d8ef455c4c1b5d610c90d2934c7802b5c1557c52", size = 3216775 }
wheels = [
    { url = "https://files.pythonhosted.org/packages/11/64/42ec1b0bd72d87f87bde6ceb6869f444d91a2d601f2e67cd05febc0346a1/PyQt5-5.15.11-cp38-abi3-macosx_11_0_arm64.whl", hash = "sha256:c8b03dd9380bb13c804f0bdb0f4956067f281785b5e12303d529f0462f9afdc2", size = 6579776 },
    { url = "https://files.pythonhosted.org/packages/49/f5/3fb696f4683ea45d68b7e77302eff173493ac81e43d63adb60fa760b9f91/PyQt5-5.15.11-cp38-abi3-macosx_11_0_x86_64.whl", hash = "sha256:6cd75628f6e732b1ffcfe709ab833a0716c0445d7aec8046a48d5843352becb6", size = 7016415 },
    { url = "https://files.pythonhosted.org/packages/b4/8c/4065950f9d013c4b2e588fe33cf04e564c2322842d84dbcbce5ba1dc28b0/PyQt5-5.15.11-cp38-abi3-manylinux_2_17_x86_64.whl", hash = "sha256:cd672a6738d1ae33ef7d9efa8e6cb0a1525ecf53ec86da80a9e1b6ec38c8d0f1", size = 8188103 },
    { url = "https://files.pythonhosted.org/packages/f3/f0/ae5a5b4f9b826b29ea4be841b2f2d951bcf5ae1d802f3732b145b57c5355/PyQt5-5.15.11-cp38-abi3-win32.whl", hash = "sha256:76be0322ceda5deecd1708a8d628e698089a1cea80d1a49d242a6d579a40babd", size = 5433308 },
    { url = "https://files.pythonhosted.org/packages/56/d5/68eb9f3d19ce65df01b6c7b7a577ad3bbc9ab3a5dd3491a4756e71838ec9/PyQt5-5.15.11-cp38-abi3-win_amd64.whl", hash = "sha256:bdde598a3bb95022131a5c9ea62e0a96bd6fb28932cc1619fd7ba211531b7517", size = 6865864 },
]

[[package]]
name = "pyqt5-qt5"
version = "5.15.15"
source = { registry = "https://pypi.org/simple" }
wheels = [
    { url = "https://files.pythonhosted.org/packages/4a/6e/a5789bac6310208756fc6a36fd7e01caa86ea6ae7abbb5922dcea003a215/PyQt5_Qt5-5.15.15-py3-none-macosx_10_13_x86_64.whl", hash = "sha256:eb74072935958a830887115b1de1ff26341fc2d5881b28129de39612b10a260e", size = 39147807 },
    { url = "https://files.pythonhosted.org/packages/92/4c/c9026ca280f2cd4bef562cfb0a5050eb23f1e7fe1b85aa8455eb6ea437bf/PyQt5_Qt5-5.15.15-py3-none-macosx_11_0_arm64.whl", hash = "sha256:f8b174725fbe29c1a22f8acce5798933a65c8a083f1d9833ff212479ec2b3c14", size = 36953104 },
    { url = "https://files.pythonhosted.org/packages/95/70/1ba9b828387f42e0812b496ed637a950bf57a5d59b844d034841e8f9fb4f/PyQt5_Qt5-5.15.15-py3-none-manylinux2014_x86_64.whl", hash = "sha256:611505d04ffb06a5e5bcf98f5ff0e4e15ba7785565ccbe7bd3b2e40642ea3bdd", size = 59827278 },
]

[[package]]
name = "pyqt5-sip"
version = "12.15.0"
source = { registry = "https://pypi.org/simple" }
sdist = { url = "https://files.pythonhosted.org/packages/1b/15/78318d50f10062c428e97e7ce387e772616a4673c356018b905f247a6a85/PyQt5_sip-12.15.0.tar.gz", hash = "sha256:d23fdfcf363b5cedd9d39f8a9c5710e7d52804f5b08a58e91c638b36eafcb702", size = 104024 }
wheels = [
    { url = "https://files.pythonhosted.org/packages/f9/cb/5989258c3d70c78eabaebe3ac900c56c863caf6de7961e4b7b556a8c9e7a/PyQt5_sip-12.15.0-cp310-cp310-macosx_10_9_universal2.whl", hash = "sha256:749f7a3ffd6e3d2d5db65ed92c95cbd14490631595c61f0c0672c9238bfb17de", size = 122371 },
    { url = "https://files.pythonhosted.org/packages/c1/06/3fffcc82005d83ce5f923c52a13fc40661c081c0aa7a2588af09351d9075/PyQt5_sip-12.15.0-cp310-cp310-manylinux_2_5_x86_64.manylinux1_x86_64.whl", hash = "sha256:b4adc529fa4ec05728e14ea55194d907cc51f18d6f2ac5cc9f6eb52ac038aa0f", size = 270522 },
    { url = "https://files.pythonhosted.org/packages/64/29/9508798f4009a7ffcfb92818fbe6dbfdc63fbc300b32c6c193f5c0879c16/PyQt5_sip-12.15.0-cp310-cp310-win32.whl", hash = "sha256:83d247cdc43ef224410b14c97413067ea26356dfa39e9ed0fe702a31e25710b0", size = 49059 },
    { url = "https://files.pythonhosted.org/packages/18/c2/a53caa812b3886550eb82ba7af63a8293a6ffbceaef1f6f192fe34fdd580/PyQt5_sip-12.15.0-cp310-cp310-win_amd64.whl", hash = "sha256:13f0c6a78e781255863e3e160304648efaf62276b7102741af637b63a6e96930", size = 59015 },
    { url = "https://files.pythonhosted.org/packages/e9/7e/4b87c65adf9cb74895acc129043d04bb300436cab1e39469f4a9fc40b602/PyQt5_sip-12.15.0-cp311-cp311-macosx_10_9_universal2.whl", hash = "sha256:855563d4d3b59ce7438bbf2dd32fed2707787defa40f3efe94f204a19ef92b25", size = 122436 },
    { url = "https://files.pythonhosted.org/packages/ec/90/8bf505a096553a253e1a65078ca1aeb6de8a83f27afa3a43bb89ae29da31/PyQt5_sip-12.15.0-cp311-cp311-manylinux_2_5_x86_64.manylinux1_x86_64.whl", hash = "sha256:0b718a362f4392430903bbb2a4b9bbff9841a16a52f0cfdd5b5bbd9d11457980", size = 276022 },
    { url = "https://files.pythonhosted.org/packages/6b/80/ed1a360df9128e0e26e28c6341174a7e02efc57816799af5e3a3cb865fc8/PyQt5_sip-12.15.0-cp311-cp311-win32.whl", hash = "sha256:2575f428de584a12009fd29d00c89df16ed101a3b38beba818dfdcbc4a10709c", size = 49065 },
    { url = "https://files.pythonhosted.org/packages/4e/d6/ea034ad64290c541042dc4c349d5aa854c8a0b54802a0759ec37671f0939/PyQt5_sip-12.15.0-cp311-cp311-win_amd64.whl", hash = "sha256:c85be433fbafcb3d417581c0e1b67c8198d23858166e4f938e971c2262c13cdb", size = 59009 },
    { url = "https://files.pythonhosted.org/packages/90/47/de48934a0d692c65b0833924a618786146c0869910c707a5e508351d5b91/PyQt5_sip-12.15.0-cp312-cp312-macosx_10_9_universal2.whl", hash = "sha256:852b75cf208825602480e95ab63314108f872d0da251e9ad3deaaff5a183a6f5", size = 124312 },
    { url = "https://files.pythonhosted.org/packages/d1/6c/9a2fe24f8970e092613f709283a2101403490a209a30de3de89a413d9915/PyQt5_sip-12.15.0-cp312-cp312-manylinux_2_5_x86_64.manylinux1_x86_64.whl", hash = "sha256:0cd21c3215e3c47fdd5fa7a2dc3dd1e07a7230b0626e905a7217925068c788b9", size = 281431 },
    { url = "https://files.pythonhosted.org/packages/90/53/0a4dc2d448619f2a51849e124d375ec7a8e95c938eccfaf8711bb77a62b6/PyQt5_sip-12.15.0-cp312-cp312-win32.whl", hash = "sha256:b58eeedc9b2a3037b136bf96915196c391a33be470ed1c0723d7163ef0b727a2", size = 49408 },
    { url = "https://files.pythonhosted.org/packages/aa/c2/c07c531fe5a6124d91942c48a85ff4e14918766cd37819f7841cf2debabb/PyQt5_sip-12.15.0-cp312-cp312-win_amd64.whl", hash = "sha256:24a1d4937332bf0a38dd95bb2ce4d89723df449f6e912b52ef0e107e11fefac1", size = 57922 },
]
